
Microsoft Visual Studio Solution File, Format Version 12.00
# Visual Studio 15
Project("{FAE04EC0-301F-11D3-BF4B-00C04F79EFBC}") = "Assembly-CSharp", "Assembly-CSharp.csproj", "{E977DA95-C16F-AD06-7992-7001EE520B45}"
EndProject
Project("{FAE04EC0-301F-11D3-BF4B-00C04F79EFBC}") = "ToonyColorsPro.Demo.Editor", "ToonyColorsPro.Demo.Editor.csproj", "{AEE40108-3585-A165-34A1-61669A8919FA}"
EndProject
Project("{FAE04EC0-301F-11D3-BF4B-00C04F79EFBC}") = "CFXRRuntime", "CFXRRuntime.csproj", "{8248B5AA-8310-1FFE-B583-EA660FA9952F}"
EndProject
Project("{FAE04EC0-301F-11D3-BF4B-00C04F79EFBC}") = "CFXREditor", "CFXREditor.csproj", "{77B6C08D-DDBA-E2F5-5B04-8BE011B05533}"
EndProject
Project("{FAE04EC0-301F-11D3-BF4B-00C04F79EFBC}") = "KinoBloom.Runtime", "KinoBloom.Runtime.csproj", "{2270E6C0-2F27-D2CF-0CE3-0DA35552CB8D}"
EndProject
Project("{FAE04EC0-301F-11D3-BF4B-00C04F79EFBC}") = "CFXRDemo", "CFXRDemo.csproj", "{4C99F1EA-AA18-B7E3-9E05-D41BEF4D89FE}"
EndProject
Global
	GlobalSection(SolutionConfigurationPlatforms) = preSolution
		Debug|Any CPU = Debug|Any CPU
		Release|Any CPU = Release|Any CPU
	EndGlobalSection
	GlobalSection(ProjectConfigurationPlatforms) = postSolution
		{E977DA95-C16F-AD06-7992-7001EE520B45}.Debug|Any CPU.ActiveCfg = Debug|Any CPU
		{E977DA95-C16F-AD06-7992-7001EE520B45}.Debug|Any CPU.Build.0 = Debug|Any CPU
		{E977DA95-C16F-AD06-7992-7001EE520B45}.Release|Any CPU.ActiveCfg = Release|Any CPU
		{E977DA95-C16F-AD06-7992-7001EE520B45}.Release|Any CPU.Build.0 = Release|Any CPU
		{AEE40108-3585-A165-34A1-61669A8919FA}.Debug|Any CPU.ActiveCfg = Debug|Any CPU
		{AEE40108-3585-A165-34A1-61669A8919FA}.Debug|Any CPU.Build.0 = Debug|Any CPU
		{AEE40108-3585-A165-34A1-61669A8919FA}.Release|Any CPU.ActiveCfg = Release|Any CPU
		{AEE40108-3585-A165-34A1-61669A8919FA}.Release|Any CPU.Build.0 = Release|Any CPU
		{8248B5AA-8310-1FFE-B583-EA660FA9952F}.Debug|Any CPU.ActiveCfg = Debug|Any CPU
		{8248B5AA-8310-1FFE-B583-EA660FA9952F}.Debug|Any CPU.Build.0 = Debug|Any CPU
		{8248B5AA-8310-1FFE-B583-EA660FA9952F}.Release|Any CPU.ActiveCfg = Release|Any CPU
		{8248B5AA-8310-1FFE-B583-EA660FA9952F}.Release|Any CPU.Build.0 = Release|Any CPU
		{77B6C08D-DDBA-E2F5-5B04-8BE011B05533}.Debug|Any CPU.ActiveCfg = Debug|Any CPU
		{77B6C08D-DDBA-E2F5-5B04-8BE011B05533}.Debug|Any CPU.Build.0 = Debug|Any CPU
		{77B6C08D-DDBA-E2F5-5B04-8BE011B05533}.Release|Any CPU.ActiveCfg = Release|Any CPU
		{77B6C08D-DDBA-E2F5-5B04-8BE011B05533}.Release|Any CPU.Build.0 = Release|Any CPU
		{2270E6C0-2F27-D2CF-0CE3-0DA35552CB8D}.Debug|Any CPU.ActiveCfg = Debug|Any CPU
		{2270E6C0-2F27-D2CF-0CE3-0DA35552CB8D}.Debug|Any CPU.Build.0 = Debug|Any CPU
		{2270E6C0-2F27-D2CF-0CE3-0DA35552CB8D}.Release|Any CPU.ActiveCfg = Release|Any CPU
		{2270E6C0-2F27-D2CF-0CE3-0DA35552CB8D}.Release|Any CPU.Build.0 = Release|Any CPU
		{4C99F1EA-AA18-B7E3-9E05-D41BEF4D89FE}.Debug|Any CPU.ActiveCfg = Debug|Any CPU
		{4C99F1EA-AA18-B7E3-9E05-D41BEF4D89FE}.Debug|Any CPU.Build.0 = Debug|Any CPU
		{4C99F1EA-AA18-B7E3-9E05-D41BEF4D89FE}.Release|Any CPU.ActiveCfg = Release|Any CPU
		{4C99F1EA-AA18-B7E3-9E05-D41BEF4D89FE}.Release|Any CPU.Build.0 = Release|Any CPU
	EndGlobalSection
	GlobalSection(SolutionProperties) = preSolution
		HideSolutionNode = FALSE
	EndGlobalSection
EndGlobal
